
Microsoft Visual Studio Solution File, Format Version 12.00
# Visual Studio Version 16
VisualStudioVersion = 16.0.33927.289
MinimumVisualStudioVersion = 10.0.40219.1
Project("{2150E333-8FDC-42A3-9474-1A3956D46DE8}") = "Task0", "Task0", "{EF3135F8-1484-403E-9AE8-473266DBBC52}"
EndProject
Project("{FAE04EC0-301F-11D3-BF4B-00C04F79EFBC}") = "Tyuiu.IvanchikovDA.Sprint3.Task0.V24", "Tyuiu.IvanchikovDA.Sprint3.Task0.V24\Tyuiu.IvanchikovDA.Sprint3.Task0.V24.csproj", "{43A44283-72CC-46E6-AC50-E401E3811E4A}"
EndProject
Project("{FAE04EC0-301F-11D3-BF4B-00C04F79EFBC}") = "Tyuiu.IvanchikovDA.Sprint3.Task0.V24.Lib", "Tyuiu.IvanchikovDA.Sprint3.Task0.V24.Lib\Tyuiu.IvanchikovDA.Sprint3.Task0.V24.Lib.csproj", "{7EAD8608-5292-4575-9FD8-D5A34494F956}"
EndProject
Project("{FAE04EC0-301F-11D3-BF4B-00C04F79EFBC}") = "Tyuiu.IvanchikovDA.Sprint3.Task0.V24.Test", "Tyuiu.IvanchikovDA.Sprint3.Task0.V24.Test\Tyuiu.IvanchikovDA.Sprint3.Task0.V24.Test.csproj", "{DD7E1201-F6B1-4717-8CCD-29BA0665EB20}"
EndProject
Project("{2150E333-8FDC-42A3-9474-1A3956D46DE8}") = "Task1", "Task1", "{526EF17B-7C5E-4FCA-839E-047FC31F2279}"
EndProject
Project("{FAE04EC0-301F-11D3-BF4B-00C04F79EFBC}") = "Tyuiu.IvanchikovDA.Sprint3.Task1.V7", "Tyuiu.IvanchikovDA.Sprint3.Task1.V7\Tyuiu.IvanchikovDA.Sprint3.Task1.V7.csproj", "{64D54F67-8E18-4C7C-86B1-205C58E405CD}"
EndProject
Project("{FAE04EC0-301F-11D3-BF4B-00C04F79EFBC}") = "Tyuiu.IvanchikovDA.Sprint3.Task1.V7.Lib", "Tyuiu.IvanchikovDA.Sprint3.Task1.V7.Lib\Tyuiu.IvanchikovDA.Sprint3.Task1.V7.Lib.csproj", "{8CC55B30-24AD-484F-BD08-E2C1927E13E7}"
EndProject
Project("{FAE04EC0-301F-11D3-BF4B-00C04F79EFBC}") = "Tyuiu.IvanchikovDA.Sprint3.Task1.V7.Test", "Tyuiu.IvanchikovDA.Sprint3.Task1.V7.Test\Tyuiu.IvanchikovDA.Sprint3.Task1.V7.Test.csproj", "{D346BA2A-1C86-4062-8890-4AE79E3F8B75}"
EndProject
Project("{2150E333-8FDC-42A3-9474-1A3956D46DE8}") = "Task2", "Task2", "{675205D8-5EE7-4492-94AD-2AB7D7E26FC1}"
EndProject
Project("{FAE04EC0-301F-11D3-BF4B-00C04F79EFBC}") = "Tyuiu.IvanchikovDA.Sprint3.Task2.V29", "yuiu.IvanchikovDA.Sprint3.Task2.V29\Tyuiu.IvanchikovDA.Sprint3.Task2.V29.csproj", "{44529D02-BC5A-4DF2-A34A-8B89D162B5DB}"
EndProject
Project("{FAE04EC0-301F-11D3-BF4B-00C04F79EFBC}") = "Tyuiu.IvanchikovDA.Sprint3.Task2.V29.Lib", "yuiu.IvanchikovDA.Sprint3.Task2.V29.Lib\Tyuiu.IvanchikovDA.Sprint3.Task2.V29.Lib.csproj", "{22FAF8B7-A92E-41AE-9B7A-C1E2D5CB3C17}"
EndProject
Project("{FAE04EC0-301F-11D3-BF4B-00C04F79EFBC}") = "Tyuiu.IvanchikovDA.Sprint3.Task2.V29.Test", "yuiu.IvanchikovDA.Sprint3.Task2.V29.Test\Tyuiu.IvanchikovDA.Sprint3.Task2.V29.Test.csproj", "{3F7406E4-809A-47B4-BD26-A10E529B5E90}"
EndProject
Project("{2150E333-8FDC-42A3-9474-1A3956D46DE8}") = "Task3", "Task3", "{7A8D3D34-0C07-4228-909B-650E206940AE}"
EndProject
Project("{FAE04EC0-301F-11D3-BF4B-00C04F79EFBC}") = "Tyuiu.IvanchikovDA.Sprint3.Task3.V17", "Tyuiu.IvanchikovDA.Sprint3.Task3.V17\Tyuiu.IvanchikovDA.Sprint3.Task3.V17.csproj", "{709CB246-8746-4CE3-88CF-00D522F43BB1}"
EndProject
Project("{FAE04EC0-301F-11D3-BF4B-00C04F79EFBC}") = "Tyuiu.IvanchikovDA.Sprint3.Task3.V17.Lib", "Tyuiu.IvanchikovDA.Sprint3.Task3.V17.Lib\Tyuiu.IvanchikovDA.Sprint3.Task3.V17.Lib.csproj", "{352C14F2-AB05-446C-BFE1-0331BCDD6867}"
EndProject
Project("{FAE04EC0-301F-11D3-BF4B-00C04F79EFBC}") = "Tyuiu.IvanchikovDA.Sprint3.Task3.V17.Test", "Tyuiu.IvanchikovDA.Sprint3.Task3.V17.Test\Tyuiu.IvanchikovDA.Sprint3.Task3.V17.Test.csproj", "{9A804BC9-4A1E-4BD3-977B-6AAE1CBBED4B}"
EndProject
Project("{2150E333-8FDC-42A3-9474-1A3956D46DE8}") = "Task4", "Task4", "{D9A71A27-0F96-484E-8E4C-8953FB5BCFB3}"
EndProject
Project("{FAE04EC0-301F-11D3-BF4B-00C04F79EFBC}") = "Tyuiu.IvanchikovDA.Sprint3.Task4.V22", "Tyuiu.IvanchikovDA.Sprint3.Task4.V22\Tyuiu.IvanchikovDA.Sprint3.Task4.V22.csproj", "{D94F20AC-1AD8-485A-99A6-F21306AF8FAB}"
EndProject
Project("{FAE04EC0-301F-11D3-BF4B-00C04F79EFBC}") = "Tyuiu.IvanchikovDA.Sprint3.Task4.V22.Lib", "Tyuiu.IvanchikovDA.Sprint3.Task4.V22.Lib\Tyuiu.IvanchikovDA.Sprint3.Task4.V22.Lib.csproj", "{8041B066-30CA-4E3A-ACE5-B95FE22A219E}"
EndProject
Project("{FAE04EC0-301F-11D3-BF4B-00C04F79EFBC}") = "Tyuiu.IvanchikovDA.Sprint3.Task4.V22.Test", "Tyuiu.IvanchikovDA.Sprint3.Task4.V22.Test\Tyuiu.IvanchikovDA.Sprint3.Task4.V22.Test.csproj", "{075354C8-5396-469C-BD22-0F2B01752F37}"
EndProject
Global
	GlobalSection(SolutionConfigurationPlatforms) = preSolution
		Debug|Any CPU = Debug|Any CPU
		Release|Any CPU = Release|Any CPU
	EndGlobalSection
	GlobalSection(ProjectConfigurationPlatforms) = postSolution
		{43A44283-72CC-46E6-AC50-E401E3811E4A}.Debug|Any CPU.ActiveCfg = Debug|Any CPU
		{43A44283-72CC-46E6-AC50-E401E3811E4A}.Debug|Any CPU.Build.0 = Debug|Any CPU
		{43A44283-72CC-46E6-AC50-E401E3811E4A}.Release|Any CPU.ActiveCfg = Release|Any CPU
		{43A44283-72CC-46E6-AC50-E401E3811E4A}.Release|Any CPU.Build.0 = Release|Any CPU
		{7EAD8608-5292-4575-9FD8-D5A34494F956}.Debug|Any CPU.ActiveCfg = Debug|Any CPU
		{7EAD8608-5292-4575-9FD8-D5A34494F956}.Debug|Any CPU.Build.0 = Debug|Any CPU
		{7EAD8608-5292-4575-9FD8-D5A34494F956}.Release|Any CPU.ActiveCfg = Release|Any CPU
		{7EAD8608-5292-4575-9FD8-D5A34494F956}.Release|Any CPU.Build.0 = Release|Any CPU
		{DD7E1201-F6B1-4717-8CCD-29BA0665EB20}.Debug|Any CPU.ActiveCfg = Debug|Any CPU
		{DD7E1201-F6B1-4717-8CCD-29BA0665EB20}.Debug|Any CPU.Build.0 = Debug|Any CPU
		{DD7E1201-F6B1-4717-8CCD-29BA0665EB20}.Release|Any CPU.ActiveCfg = Release|Any CPU
		{DD7E1201-F6B1-4717-8CCD-29BA0665EB20}.Release|Any CPU.Build.0 = Release|Any CPU
		{64D54F67-8E18-4C7C-86B1-205C58E405CD}.Debug|Any CPU.ActiveCfg = Debug|Any CPU
		{64D54F67-8E18-4C7C-86B1-205C58E405CD}.Debug|Any CPU.Build.0 = Debug|Any CPU
		{64D54F67-8E18-4C7C-86B1-205C58E405CD}.Release|Any CPU.ActiveCfg = Release|Any CPU
		{64D54F67-8E18-4C7C-86B1-205C58E405CD}.Release|Any CPU.Build.0 = Release|Any CPU
		{8CC55B30-24AD-484F-BD08-E2C1927E13E7}.Debug|Any CPU.ActiveCfg = Debug|Any CPU
		{8CC55B30-24AD-484F-BD08-E2C1927E13E7}.Debug|Any CPU.Build.0 = Debug|Any CPU
		{8CC55B30-24AD-484F-BD08-E2C1927E13E7}.Release|Any CPU.ActiveCfg = Release|Any CPU
		{8CC55B30-24AD-484F-BD08-E2C1927E13E7}.Release|Any CPU.Build.0 = Release|Any CPU
		{D346BA2A-1C86-4062-8890-4AE79E3F8B75}.Debug|Any CPU.ActiveCfg = Debug|Any CPU
		{D346BA2A-1C86-4062-8890-4AE79E3F8B75}.Debug|Any CPU.Build.0 = Debug|Any CPU
		{D346BA2A-1C86-4062-8890-4AE79E3F8B75}.Release|Any CPU.ActiveCfg = Release|Any CPU
		{D346BA2A-1C86-4062-8890-4AE79E3F8B75}.Release|Any CPU.Build.0 = Release|Any CPU
		{44529D02-BC5A-4DF2-A34A-8B89D162B5DB}.Debug|Any CPU.ActiveCfg = Debug|Any CPU
		{44529D02-BC5A-4DF2-A34A-8B89D162B5DB}.Debug|Any CPU.Build.0 = Debug|Any CPU
		{44529D02-BC5A-4DF2-A34A-8B89D162B5DB}.Release|Any CPU.ActiveCfg = Release|Any CPU
		{44529D02-BC5A-4DF2-A34A-8B89D162B5DB}.Release|Any CPU.Build.0 = Release|Any CPU
		{22FAF8B7-A92E-41AE-9B7A-C1E2D5CB3C17}.Debug|Any CPU.ActiveCfg = Debug|Any CPU
		{22FAF8B7-A92E-41AE-9B7A-C1E2D5CB3C17}.Debug|Any CPU.Build.0 = Debug|Any CPU
		{22FAF8B7-A92E-41AE-9B7A-C1E2D5CB3C17}.Release|Any CPU.ActiveCfg = Release|Any CPU
		{22FAF8B7-A92E-41AE-9B7A-C1E2D5CB3C17}.Release|Any CPU.Build.0 = Release|Any CPU
		{3F7406E4-809A-47B4-BD26-A10E529B5E90}.Debug|Any CPU.ActiveCfg = Debug|Any CPU
		{3F7406E4-809A-47B4-BD26-A10E529B5E90}.Debug|Any CPU.Build.0 = Debug|Any CPU
		{3F7406E4-809A-47B4-BD26-A10E529B5E90}.Release|Any CPU.ActiveCfg = Release|Any CPU
		{3F7406E4-809A-47B4-BD26-A10E529B5E90}.Release|Any CPU.Build.0 = Release|Any CPU
		{709CB246-8746-4CE3-88CF-00D522F43BB1}.Debug|Any CPU.ActiveCfg = Debug|Any CPU
		{709CB246-8746-4CE3-88CF-00D522F43BB1}.Debug|Any CPU.Build.0 = Debug|Any CPU
		{709CB246-8746-4CE3-88CF-00D522F43BB1}.Release|Any CPU.ActiveCfg = Release|Any CPU
		{709CB246-8746-4CE3-88CF-00D522F43BB1}.Release|Any CPU.Build.0 = Release|Any CPU
		{352C14F2-AB05-446C-BFE1-0331BCDD6867}.Debug|Any CPU.ActiveCfg = Debug|Any CPU
		{352C14F2-AB05-446C-BFE1-0331BCDD6867}.Debug|Any CPU.Build.0 = Debug|Any CPU
		{352C14F2-AB05-446C-BFE1-0331BCDD6867}.Release|Any CPU.ActiveCfg = Release|Any CPU
		{352C14F2-AB05-446C-BFE1-0331BCDD6867}.Release|Any CPU.Build.0 = Release|Any CPU
		{9A804BC9-4A1E-4BD3-977B-6AAE1CBBED4B}.Debug|Any CPU.ActiveCfg = Debug|Any CPU
		{9A804BC9-4A1E-4BD3-977B-6AAE1CBBED4B}.Debug|Any CPU.Build.0 = Debug|Any CPU
		{9A804BC9-4A1E-4BD3-977B-6AAE1CBBED4B}.Release|Any CPU.ActiveCfg = Release|Any CPU
		{9A804BC9-4A1E-4BD3-977B-6AAE1CBBED4B}.Release|Any CPU.Build.0 = Release|Any CPU
		{D94F20AC-1AD8-485A-99A6-F21306AF8FAB}.Debug|Any CPU.ActiveCfg = Debug|Any CPU
		{D94F20AC-1AD8-485A-99A6-F21306AF8FAB}.Debug|Any CPU.Build.0 = Debug|Any CPU
		{D94F20AC-1AD8-485A-99A6-F21306AF8FAB}.Release|Any CPU.ActiveCfg = Release|Any CPU
		{D94F20AC-1AD8-485A-99A6-F21306AF8FAB}.Release|Any CPU.Build.0 = Release|Any CPU
		{8041B066-30CA-4E3A-ACE5-B95FE22A219E}.Debug|Any CPU.ActiveCfg = Debug|Any CPU
		{8041B066-30CA-4E3A-ACE5-B95FE22A219E}.Debug|Any CPU.Build.0 = Debug|Any CPU
		{8041B066-30CA-4E3A-ACE5-B95FE22A219E}.Release|Any CPU.ActiveCfg = Release|Any CPU
		{8041B066-30CA-4E3A-ACE5-B95FE22A219E}.Release|Any CPU.Build.0 = Release|Any CPU
		{075354C8-5396-469C-BD22-0F2B01752F37}.Debug|Any CPU.ActiveCfg = Debug|Any CPU
		{075354C8-5396-469C-BD22-0F2B01752F37}.Debug|Any CPU.Build.0 = Debug|Any CPU
		{075354C8-5396-469C-BD22-0F2B01752F37}.Release|Any CPU.ActiveCfg = Release|Any CPU
		{075354C8-5396-469C-BD22-0F2B01752F37}.Release|Any CPU.Build.0 = Release|Any CPU
	EndGlobalSection
	GlobalSection(SolutionProperties) = preSolution
		HideSolutionNode = FALSE
	EndGlobalSection
	GlobalSection(NestedProjects) = preSolution
		{43A44283-72CC-46E6-AC50-E401E3811E4A} = {EF3135F8-1484-403E-9AE8-473266DBBC52}
		{7EAD8608-5292-4575-9FD8-D5A34494F956} = {EF3135F8-1484-403E-9AE8-473266DBBC52}
		{DD7E1201-F6B1-4717-8CCD-29BA0665EB20} = {EF3135F8-1484-403E-9AE8-473266DBBC52}
		{64D54F67-8E18-4C7C-86B1-205C58E405CD} = {526EF17B-7C5E-4FCA-839E-047FC31F2279}
		{8CC55B30-24AD-484F-BD08-E2C1927E13E7} = {526EF17B-7C5E-4FCA-839E-047FC31F2279}
		{D346BA2A-1C86-4062-8890-4AE79E3F8B75} = {526EF17B-7C5E-4FCA-839E-047FC31F2279}
		{44529D02-BC5A-4DF2-A34A-8B89D162B5DB} = {675205D8-5EE7-4492-94AD-2AB7D7E26FC1}
		{22FAF8B7-A92E-41AE-9B7A-C1E2D5CB3C17} = {675205D8-5EE7-4492-94AD-2AB7D7E26FC1}
		{3F7406E4-809A-47B4-BD26-A10E529B5E90} = {675205D8-5EE7-4492-94AD-2AB7D7E26FC1}
		{709CB246-8746-4CE3-88CF-00D522F43BB1} = {7A8D3D34-0C07-4228-909B-650E206940AE}
		{352C14F2-AB05-446C-BFE1-0331BCDD6867} = {7A8D3D34-0C07-4228-909B-650E206940AE}
		{9A804BC9-4A1E-4BD3-977B-6AAE1CBBED4B} = {7A8D3D34-0C07-4228-909B-650E206940AE}
		{D94F20AC-1AD8-485A-99A6-F21306AF8FAB} = {D9A71A27-0F96-484E-8E4C-8953FB5BCFB3}
		{8041B066-30CA-4E3A-ACE5-B95FE22A219E} = {D9A71A27-0F96-484E-8E4C-8953FB5BCFB3}
		{075354C8-5396-469C-BD22-0F2B01752F37} = {D9A71A27-0F96-484E-8E4C-8953FB5BCFB3}
	EndGlobalSection
	GlobalSection(ExtensibilityGlobals) = postSolution
		SolutionGuid = {604FF11C-1F2A-4811-9D58-6175CD3DDD1E}
	EndGlobalSection
EndGlobal
